
Microsoft Visual Studio Solution File, Format Version 11.00
# Visual Studio 2010
Project("{FAE04EC0-301F-11D3-BF4B-00C04F79EFBC}") = "Assembly-CSharp-firstpass", "Assembly-CSharp-firstpass.csproj", "{A6479937-0E8F-664B-176B-88D73AEBED3C}"
EndProject
Project("{FAE04EC0-301F-11D3-BF4B-00C04F79EFBC}") = "Assembly-CSharp", "Assembly-CSharp.csproj", "{71A9FDDE-A6EB-D06A-D634-874B8A40C428}"
EndProject
Global
	GlobalSection(SolutionConfigurationPlatforms) = preSolution
		Debug|Any CPU = Debug|Any CPU
		Release|Any CPU = Release|Any CPU
	EndGlobalSection
	GlobalSection(ProjectConfigurationPlatforms) = postSolution
		{A6479937-0E8F-664B-176B-88D73AEBED3C}.Debug|Any CPU.ActiveCfg = Debug|Any CPU
		{A6479937-0E8F-664B-176B-88D73AEBED3C}.Debug|Any CPU.Build.0 = Debug|Any CPU
		{A6479937-0E8F-664B-176B-88D73AEBED3C}.Release|Any CPU.ActiveCfg = Release|Any CPU
		{A6479937-0E8F-664B-176B-88D73AEBED3C}.Release|Any CPU.Build.0 = Release|Any CPU
		{71A9FDDE-A6EB-D06A-D634-874B8A40C428}.Debug|Any CPU.ActiveCfg = Debug|Any CPU
		{71A9FDDE-A6EB-D06A-D634-874B8A40C428}.Debug|Any CPU.Build.0 = Debug|Any CPU
		{71A9FDDE-A6EB-D06A-D634-874B8A40C428}.Release|Any CPU.ActiveCfg = Release|Any CPU
		{71A9FDDE-A6EB-D06A-D634-874B8A40C428}.Release|Any CPU.Build.0 = Release|Any CPU
	EndGlobalSection
	GlobalSection(SolutionProperties) = preSolution
		HideSolutionNode = FALSE
	EndGlobalSection
EndGlobal
